
Microsoft Visual Studio Solution File, Format Version 12.00
# Visual Studio Version 16
VisualStudioVersion = 16.0.31702.278
MinimumVisualStudioVersion = 10.0.40219.1
Project("{FAE04EC0-301F-11D3-BF4B-00C04F79EFBC}") = "XuanTuan_BeePhone", "XuanTuan_BeePhone\XuanTuan_BeePhone.csproj", "{BE75EB24-F6FC-4679-8E37-81AC5C858640}"
EndProject
Global
	GlobalSection(SolutionConfigurationPlatforms) = preSolution
		Debug|Any CPU = Debug|Any CPU
		Release|Any CPU = Release|Any CPU
	EndGlobalSection
	GlobalSection(ProjectConfigurationPlatforms) = postSolution
		{BE75EB24-F6FC-4679-8E37-81AC5C858640}.Debug|Any CPU.ActiveCfg = Debug|Any CPU
		{BE75EB24-F6FC-4679-8E37-81AC5C858640}.Debug|Any CPU.Build.0 = Debug|Any CPU
		{BE75EB24-F6FC-4679-8E37-81AC5C858640}.Release|Any CPU.ActiveCfg = Release|Any CPU
		{BE75EB24-F6FC-4679-8E37-81AC5C858640}.Release|Any CPU.Build.0 = Release|Any CPU
	EndGlobalSection
	GlobalSection(SolutionProperties) = preSolution
		HideSolutionNode = FALSE
	EndGlobalSection
	GlobalSection(ExtensibilityGlobals) = postSolution
		SolutionGuid = {35042FE8-A9EA-4542-B958-C8014D8999F8}
	EndGlobalSection
EndGlobal
